
Microsoft Visual Studio Solution File, Format Version 12.00
# Visual Studio 2012
Project("{FAE04EC0-301F-11D3-BF4B-00C04F79EFBC}") = "Terradue.OpenNebula", "Terradue.OpenNebula\Terradue.OpenNebula.csproj", "{E488F0B0-3464-4D03-8E2E-8DA1936E3699}"
EndProject
Global
	GlobalSection(SolutionConfigurationPlatforms) = preSolution
		Debug|Any CPU = Debug|Any CPU
		Release|Any CPU = Release|Any CPU
	EndGlobalSection
	GlobalSection(ProjectConfigurationPlatforms) = postSolution
		{E488F0B0-3464-4D03-8E2E-8DA1936E3699}.Debug|Any CPU.ActiveCfg = Debug|Any CPU
		{E488F0B0-3464-4D03-8E2E-8DA1936E3699}.Debug|Any CPU.Build.0 = Debug|Any CPU
		{E488F0B0-3464-4D03-8E2E-8DA1936E3699}.Release|Any CPU.ActiveCfg = Release|Any CPU
		{E488F0B0-3464-4D03-8E2E-8DA1936E3699}.Release|Any CPU.Build.0 = Release|Any CPU
	EndGlobalSection
	GlobalSection(MonoDevelopProperties) = preSolution
		StartupItem = Terradue.OpenNebula\Terradue.OpenNebula.csproj
	EndGlobalSection
EndGlobal
